
Microsoft Visual Studio Solution File, Format Version 12.00
# Visual Studio Version 16
VisualStudioVersion = 16.0.30517.126
MinimumVisualStudioVersion = 10.0.40219.1
Project("{8BC9CEB8-8B4A-11D0-8D11-00A0C91BC942}") = "Parallel counting sort", "Parallel counting sort.vcxproj", "{740A8144-6F9D-474F-9E46-555985AAA382}"
EndProject
Global
	GlobalSection(SolutionConfigurationPlatforms) = preSolution
		Debug|x64 = Debug|x64
		Debug|x86 = Debug|x86
		Release|x64 = Release|x64
		Release|x86 = Release|x86
	EndGlobalSection
	GlobalSection(ProjectConfigurationPlatforms) = postSolution
		{740A8144-6F9D-474F-9E46-555985AAA382}.Debug|x64.ActiveCfg = Debug|x64
		{740A8144-6F9D-474F-9E46-555985AAA382}.Debug|x64.Build.0 = Debug|x64
		{740A8144-6F9D-474F-9E46-555985AAA382}.Debug|x86.ActiveCfg = Debug|Win32
		{740A8144-6F9D-474F-9E46-555985AAA382}.Debug|x86.Build.0 = Debug|Win32
		{740A8144-6F9D-474F-9E46-555985AAA382}.Release|x64.ActiveCfg = Release|x64
		{740A8144-6F9D-474F-9E46-555985AAA382}.Release|x64.Build.0 = Release|x64
		{740A8144-6F9D-474F-9E46-555985AAA382}.Release|x86.ActiveCfg = Release|Win32
		{740A8144-6F9D-474F-9E46-555985AAA382}.Release|x86.Build.0 = Release|Win32
	EndGlobalSection
	GlobalSection(SolutionProperties) = preSolution
		HideSolutionNode = FALSE
	EndGlobalSection
	GlobalSection(ExtensibilityGlobals) = postSolution
		SolutionGuid = {1A5C4A67-4E45-488A-8A0C-A5D69BBE6092}
	EndGlobalSection
EndGlobal
